
Microsoft Visual Studio Solution File, Format Version 12.00
# Visual Studio Version 16
VisualStudioVersion = 16.0.30002.166
MinimumVisualStudioVersion = 10.0.40219.1
Project("{9A19103F-16F7-4668-BE54-9A1E7A4F7556}") = "EShopOnRuleEngine.ConsoleApp", "src\EShopOnRuleEngine.ConsoleApp.csproj", "{91135608-5EC5-4FE2-B9C8-560DAFD31E19}"
EndProject
Project("{9A19103F-16F7-4668-BE54-9A1E7A4F7556}") = "EShopOnRuleEngine.Test", "test\EShopOnRuleEngine.Test.csproj", "{D6CAC45B-8ED4-4FA8-B53C-5C84F4699607}"
EndProject
Global
	GlobalSection(SolutionConfigurationPlatforms) = preSolution
		Debug|Any CPU = Debug|Any CPU
		Release|Any CPU = Release|Any CPU
	EndGlobalSection
	GlobalSection(ProjectConfigurationPlatforms) = postSolution
		{91135608-5EC5-4FE2-B9C8-560DAFD31E19}.Debug|Any CPU.ActiveCfg = Debug|Any CPU
		{91135608-5EC5-4FE2-B9C8-560DAFD31E19}.Debug|Any CPU.Build.0 = Debug|Any CPU
		{91135608-5EC5-4FE2-B9C8-560DAFD31E19}.Release|Any CPU.ActiveCfg = Release|Any CPU
		{91135608-5EC5-4FE2-B9C8-560DAFD31E19}.Release|Any CPU.Build.0 = Release|Any CPU
		{D6CAC45B-8ED4-4FA8-B53C-5C84F4699607}.Debug|Any CPU.ActiveCfg = Debug|Any CPU
		{D6CAC45B-8ED4-4FA8-B53C-5C84F4699607}.Debug|Any CPU.Build.0 = Debug|Any CPU
		{D6CAC45B-8ED4-4FA8-B53C-5C84F4699607}.Release|Any CPU.ActiveCfg = Release|Any CPU
		{D6CAC45B-8ED4-4FA8-B53C-5C84F4699607}.Release|Any CPU.Build.0 = Release|Any CPU
	EndGlobalSection
	GlobalSection(SolutionProperties) = preSolution
		HideSolutionNode = FALSE
	EndGlobalSection
	GlobalSection(ExtensibilityGlobals) = postSolution
		SolutionGuid = {CF2037A0-F1BF-4E7D-A9BD-72593DB52512}
	EndGlobalSection
EndGlobal
